
Microsoft Visual Studio Solution File, Format Version 12.00
# Visual Studio 15
Project("{FAE04EC0-301F-11D3-BF4B-00C04F79EFBC}") = "Assembly-CSharp", "Assembly-CSharp.csproj", "{B60372A4-3343-AE86-8D78-AB0953F6260A}"
EndProject
Global
	GlobalSection(SolutionConfigurationPlatforms) = preSolution
		Debug|Any CPU = Debug|Any CPU
		Release|Any CPU = Release|Any CPU
	EndGlobalSection
	GlobalSection(ProjectConfigurationPlatforms) = postSolution
		{B60372A4-3343-AE86-8D78-AB0953F6260A}.Debug|Any CPU.ActiveCfg = Debug|Any CPU
		{B60372A4-3343-AE86-8D78-AB0953F6260A}.Debug|Any CPU.Build.0 = Debug|Any CPU
		{B60372A4-3343-AE86-8D78-AB0953F6260A}.Release|Any CPU.ActiveCfg = Release|Any CPU
		{B60372A4-3343-AE86-8D78-AB0953F6260A}.Release|Any CPU.Build.0 = Release|Any CPU
	EndGlobalSection
	GlobalSection(SolutionProperties) = preSolution
		HideSolutionNode = FALSE
	EndGlobalSection
EndGlobal
